
Microsoft Visual Studio Solution File, Format Version 12.00
# Visual Studio 2012
Project("{FAE04EC0-301F-11D3-BF4B-00C04F79EFBC}") = "CashMachine", "CashMachine\CashMachine.csproj", "{5ED2C78A-3FFD-4FFA-A320-9DA36B65CD43}"
EndProject
Project("{FAE04EC0-301F-11D3-BF4B-00C04F79EFBC}") = "UnitTestCashMachine", "UnitTestCashMachine\UnitTestCashMachine.csproj", "{D5B3643F-8B34-44F8-87A1-AF525B88D849}"
EndProject
Global
	GlobalSection(SolutionConfigurationPlatforms) = preSolution
		Debug|Any CPU = Debug|Any CPU
		Release|Any CPU = Release|Any CPU
	EndGlobalSection
	GlobalSection(ProjectConfigurationPlatforms) = postSolution
		{5ED2C78A-3FFD-4FFA-A320-9DA36B65CD43}.Debug|Any CPU.ActiveCfg = Debug|Any CPU
		{5ED2C78A-3FFD-4FFA-A320-9DA36B65CD43}.Debug|Any CPU.Build.0 = Debug|Any CPU
		{5ED2C78A-3FFD-4FFA-A320-9DA36B65CD43}.Release|Any CPU.ActiveCfg = Release|Any CPU
		{5ED2C78A-3FFD-4FFA-A320-9DA36B65CD43}.Release|Any CPU.Build.0 = Release|Any CPU
		{D5B3643F-8B34-44F8-87A1-AF525B88D849}.Debug|Any CPU.ActiveCfg = Debug|Any CPU
		{D5B3643F-8B34-44F8-87A1-AF525B88D849}.Debug|Any CPU.Build.0 = Debug|Any CPU
		{D5B3643F-8B34-44F8-87A1-AF525B88D849}.Release|Any CPU.ActiveCfg = Release|Any CPU
		{D5B3643F-8B34-44F8-87A1-AF525B88D849}.Release|Any CPU.Build.0 = Release|Any CPU
	EndGlobalSection
	GlobalSection(SolutionProperties) = preSolution
		HideSolutionNode = FALSE
	EndGlobalSection
EndGlobal
